PODS:
  - BulletTrainClient (1.0.1)

DEPENDENCIES:
  - BulletTrainClient (from `../`)

EXTERNAL SOURCES:
  BulletTrainClient:
    :path: "../"

SPEC CHECKSUMS:
  BulletTrainClient: c21ea61bd2a7da9292404e5f45903e3a7ad78d2f

PODFILE CHECKSUM: be7a2446bc362d87dab4e909a6d3abf808921b04

COCOAPODS: 1.10.0
